
Microsoft Visual Studio Solution File, Format Version 12.00
# Visual Studio Version 17
VisualStudioVersion = 17.9.34902.65
MinimumVisualStudioVersion = 10.0.40219.1
Project("{FAE04EC0-301F-11D3-BF4B-00C04F79EFBC}") = "DiamondStoreAPI", "DiamondStoreAPI\DiamondStoreAPI.csproj", "{F8155269-3835-42AF-B85E-9A73DEA69D83}"
EndProject
Global
	GlobalSection(SolutionConfigurationPlatforms) = preSolution
		Debug|Any CPU = Debug|Any CPU
		Release|Any CPU = Release|Any CPU
	EndGlobalSection
	GlobalSection(ProjectConfigurationPlatforms) = postSolution
		{F8155269-3835-42AF-B85E-9A73DEA69D83}.Debug|Any CPU.ActiveCfg = Debug|Any CPU
		{F8155269-3835-42AF-B85E-9A73DEA69D83}.Debug|Any CPU.Build.0 = Debug|Any CPU
		{F8155269-3835-42AF-B85E-9A73DEA69D83}.Release|Any CPU.ActiveCfg = Release|Any CPU
		{F8155269-3835-42AF-B85E-9A73DEA69D83}.Release|Any CPU.Build.0 = Release|Any CPU
	EndGlobalSection
	GlobalSection(SolutionProperties) = preSolution
		HideSolutionNode = FALSE
	EndGlobalSection
	GlobalSection(ExtensibilityGlobals) = postSolution
		SolutionGuid = {2E5648D8-D889-4011-809D-5E717B78620B}
	EndGlobalSection
EndGlobal
